// !$*UTF8*$!
{
	archiveVersion = 1;
	classes = {
	};
	objectVersion = 48;
	objects = {

/* Begin PBXBuildFile section */
		7912878A20A03B3400D97D87 /* DataServices.swift in Sources */ = {isa = PBXBuildFile; fileRef = 7912878920A03B3400D97D87 /* DataServices.swift */; };
		7912878C20A03B5D00D97D87 /* MasterTableViewController.swift in Sources */ = {isa = PBXBuildFile; fileRef = 7912878B20A03B5D00D97D87 /* MasterTableViewController.swift */; };
		7912878E20A03B7200D97D87 /* DetailViewController.swift in Sources */ = {isa = PBXBuildFile; fileRef = 7912878D20A03B7200D97D87 /* DetailViewController.swift */; };
		79A723DC209FECF90031D4DF /* AppDelegate.swift in Sources */ = {isa = PBXBuildFile; fileRef = 79A723DB209FECF90031D4DF /* AppDelegate.swift */; };
		79A723E1209FECF90031D4DF /* Main.storyboard in Resources */ = {isa = PBXBuildFile; fileRef = 79A723DF209FECF90031D4DF /* Main.storyboard */; };
		79A723E4209FECF90031D4DF /* DemoFetchResultControllerCoreData.xcdatamodeld in Sources */ = {isa = PBXBuildFile; fileRef = 79A723E2209FECF90031D4DF /* DemoFetchResultControllerCoreData.xcdatamodeld */; };
		79A723E6209FECF90031D4DF /* Assets.xcassets in Resources */ = {isa = PBXBuildFile; fileRef = 79A723E5209FECF90031D4DF /* Assets.xcassets */; };
		79A723E9209FECF90031D4DF /* LaunchScreen.storyboard in Resources */ = {isa = PBXBuildFile; fileRef = 79A723E7209FECF90031D4DF /* LaunchScreen.storyboard */; };
/* End PBXBuildFile section */

/* Begin PBXFileReference section */
		7912878920A03B3400D97D87 /* DataServices.swift */ = {isa = PBXFileReference; lastKnownFileType = sourcecode.swift; path = DataServices.swift; sourceTree = "<group>"; };
		7912878B20A03B5D00D97D87 /* MasterTableViewController.swift */ = {isa = PBXFileReference; lastKnownFileType = sourcecode.swift; path = MasterTableViewController.swift; sourceTree = "<group>"; };
		7912878D20A03B7200D97D87 /* DetailViewController.swift */ = {isa = PBXFileReference; lastKnownFileType = sourcecode.swift; path = DetailViewController.swift; sourceTree = "<group>"; };
		79A723D8209FECF90031D4DF /* DemoFetchResultControllerCoreData.app */ = {isa = PBXFileReference; explicitFileType = wrapper.application; includeInIndex = 0; path = DemoFetchResultControllerCoreData.app; sourceTree = BUILT_PRODUCTS_DIR; };
		79A723DB209FECF90031D4DF /* AppDelegate.swift */ = {isa = PBXFileReference; lastKnownFileType = sourcecode.swift; path = AppDelegate.swift; sourceTree = "<group>"; };
		79A723E0209FECF90031D4DF /* Base */ = {isa = PBXFileReference; lastKnownFileType = file.storyboard; name = Base; path = Base.lproj/Main.storyboard; sourceTree = "<group>"; };
		79A723E3209FECF90031D4DF /* DemoFetchResultControllerCoreData.xcdatamodel */ = {isa = PBXFileReference; lastKnownFileType = wrapper.xcdatamodel; path = DemoFetchResultControllerCoreData.xcdatamodel; sourceTree = "<group>"; };
		79A723E5209FECF90031D4DF /* Assets.xcassets */ = {isa = PBXFileReference; lastKnownFileType = folder.assetcatalog; path = Assets.xcassets; sourceTree = "<group>"; };
		79A723E8209FECF90031D4DF /* Base */ = {isa = PBXFileReference; lastKnownFileType = file.storyboard; name = Base; path = Base.lproj/LaunchScreen.storyboard; sourceTree = "<group>"; };
		79A723EA209FECF90031D4DF /* Info.plist */ = {isa = PBXFileReference; lastKnownFileType = text.plist.xml; path = Info.plist; sourceTree = "<group>"; };
/* End PBXFileReference section */

/* Begin PBXFrameworksBuildPhase section */
		79A723D5209FECF90031D4DF /* Frameworks */ = {
			isa = PBXFrameworksBuildPhase;
			buildActionMask = 2147483647;
			files = (
			);
			runOnlyForDeploymentPostprocessing = 0;
		};
/* End PBXFrameworksBuildPhase section */

/* Begin PBXGroup section */
		7912878620A03B0E00D97D87 /* View */ = {
			isa = PBXGroup;
			children = (
			);
			path = View;
			sourceTree = "<group>";
		};
		7912878720A03B1C00D97D87 /* Controller */ = {
			isa = PBXGroup;
			children = (
				7912878B20A03B5D00D97D87 /* MasterTableViewController.swift */,
				7912878D20A03B7200D97D87 /* DetailViewController.swift */,
			);
			path = Controller;
			sourceTree = "<group>";
		};
		7912878820A03B2400D97D87 /* Model */ = {
			isa = PBXGroup;
			children = (
				7912878920A03B3400D97D87 /* DataServices.swift */,
			);
			path = Model;
			sourceTree = "<group>";
		};
		79A723CF209FECF90031D4DF = {
			isa = PBXGroup;
			children = (
				79A723DA209FECF90031D4DF /* DemoFetchResultControllerCoreData */,
				79A723D9209FECF90031D4DF /* Products */,
			);
			sourceTree = "<group>";
		};
		79A723D9209FECF90031D4DF /* Products */ = {
			isa = PBXGroup;
			children = (
				79A723D8209FECF90031D4DF /* DemoFetchResultControllerCoreData.app */,
			);
			name = Products;
			sourceTree = "<group>";
		};
		79A723DA209FECF90031D4DF /* DemoFetchResultControllerCoreData */ = {
			isa = PBXGroup;
			children = (
				7912878820A03B2400D97D87 /* Model */,
				7912878720A03B1C00D97D87 /* Controller */,
				7912878620A03B0E00D97D87 /* View */,
				79A723DB209FECF90031D4DF /* AppDelegate.swift */,
				79A723DF209FECF90031D4DF /* Main.storyboard */,
				79A723E5209FECF90031D4DF /* Assets.xcassets */,
				79A723E7209FECF90031D4DF /* LaunchScreen.storyboard */,
				79A723EA209FECF90031D4DF /* Info.plist */,
				79A723E2209FECF90031D4DF /* DemoFetchResultControllerCoreData.xcdatamodeld */,
			);
			path = DemoFetchResultControllerCoreData;
			sourceTree = "<group>";
		};
/* End PBXGroup section */

/* Begin PBXNativeTarget section */
		79A723D7209FECF90031D4DF /* DemoFetchResultControllerCoreData */ = {
			isa = PBXNativeTarget;
			buildConfigurationList = 79A723ED209FECF90031D4DF /* Build configuration list for PBXNativeTarget "DemoFetchResultControllerCoreData" */;
			buildPhases = (
				79A723D4209FECF90031D4DF /* Sources */,
				79A723D5209FECF90031D4DF /* Frameworks */,
				79A723D6209FECF90031D4DF /* Resources */,
			);
			buildRules = (
			);
			dependencies = (
			);
			name = DemoFetchResultControllerCoreData;
			productName = DemoFetchResultControllerCoreData;
			productReference = 79A723D8209FECF90031D4DF /* DemoFetchResultControllerCoreData.app */;
			productType = "com.apple.product-type.application";
		};
/* End PBXNativeTarget section */

/* Begin PBXProject section */
		79A723D0209FECF90031D4DF /* Project object */ = {
			isa = PBXProject;
			attributes = {
				LastSwiftUpdateCheck = 0920;
				LastUpgradeCheck = 0920;
				ORGANIZATIONNAME = "Vu Ngoc Cong";
				TargetAttributes = {
					79A723D7209FECF90031D4DF = {
						CreatedOnToolsVersion = 9.2;
						ProvisioningStyle = Automatic;
					};
				};
			};
			buildConfigurationList = 79A723D3209FECF90031D4DF /* Build configuration list for PBXProject "DemoFetchResultControllerCoreData" */;
			compatibilityVersion = "Xcode 8.0";
			developmentRegion = en;
			hasScannedForEncodings = 0;
			knownRegions = (
				en,
				Base,
			);
			mainGroup = 79A723CF209FECF90031D4DF;
			productRefGroup = 79A723D9209FECF90031D4DF /* Products */;
			projectDirPath = "";
			projectRoot = "";
			targets = (
				79A723D7209FECF90031D4DF /* DemoFetchResultControllerCoreData */,
			);
		};
/* End PBXProject section */

/* Begin PBXResourcesBuildPhase section */
		79A723D6209FECF90031D4DF /* Resources */ = {
			isa = PBXResourcesBuildPhase;
			buildActionMask = 2147483647;
			files = (
				79A723E9209FECF90031D4DF /* LaunchScreen.storyboard in Resources */,
				79A723E6209FECF90031D4DF /* Assets.xcassets in Resources */,
				79A723E1209FECF90031D4DF /* Main.storyboard in Resources */,
			);
			runOnlyForDeploymentPostprocessing = 0;
		};
/* End PBXResourcesBuildPhase section */

/* Begin PBXSourcesBuildPhase section */
		79A723D4209FECF90031D4DF /* Sources */ = {
			isa = PBXSourcesBuildPhase;
			buildActionMask = 2147483647;
			files = (
				7912878A20A03B3400D97D87 /* DataServices.swift in Sources */,
				7912878C20A03B5D00D97D87 /* MasterTableViewController.swift in Sources */,
				7912878E20A03B7200D97D87 /* DetailViewController.swift in Sources */,
				79A723E4209FECF90031D4DF /* DemoFetchResultControllerCoreData.xcdatamodeld in Sources */,
				79A723DC209FECF90031D4DF /* AppDelegate.swift in Sources */,
			);
			runOnlyForDeploymentPostprocessing = 0;
		};
/* End PBXSourcesBuildPhase section */

/* Begin PBXVariantGroup section */
		79A723DF209FECF90031D4DF /* Main.storyboard */ = {
			isa = PBXVariantGroup;
			children = (
				79A723E0209FECF90031D4DF /* Base */,
			);
			name = Main.storyboard;
			sourceTree = "<group>";
		};
		79A723E7209FECF90031D4DF /* LaunchScreen.storyboard */ = {
			isa = PBXVariantGroup;
			children = (
				79A723E8209FECF90031D4DF /* Base */,
			);
			name = LaunchScreen.storyboard;
			sourceTree = "<group>";
		};
/* End PBXVariantGroup section */

/* Begin XCBuildConfiguration section */
		79A723EB209FECF90031D4DF /* Debug */ = {
			isa = XCBuildConfiguration;
			buildSettings = {
				ALWAYS_SEARCH_USER_PATHS = NO;
				CLANG_ANALYZER_NONNULL = YES;
				CLANG_ANALYZER_NUMBER_OBJECT_CONVERSION = YES_AGGRESSIVE;
				CLANG_CXX_LANGUAGE_STANDARD = "gnu++14";
				CLANG_CXX_LIBRARY = "libc++";
				CLANG_ENABLE_MODULES = YES;
				CLANG_ENABLE_OBJC_ARC = YES;
				CLANG_WARN_BLOCK_CAPTURE_AUTORELEASING = YES;
				CLANG_WARN_BOOL_CONVERSION = YES;
				CLANG_WARN_COMMA = YES;
				CLANG_WARN_CONSTANT_CONVERSION = YES;
				CLANG_WARN_DIRECT_OBJC_ISA_USAGE = YES_ERROR;
				CLANG_WARN_DOCUMENTATION_COMMENTS = YES;
				CLANG_WARN_EMPTY_BODY = YES;
				CLANG_WARN_ENUM_CONVERSION = YES;
				CLANG_WARN_INFINITE_RECURSION = YES;
				CLANG_WARN_INT_CONVERSION = YES;
				CLANG_WARN_NON_LITERAL_NULL_CONVERSION = YES;
				CLANG_WARN_OBJC_LITERAL_CONVERSION = YES;
				CLANG_WARN_OBJC_ROOT_CLASS = YES_ERROR;
				CLANG_WARN_RANGE_LOOP_ANALYSIS = YES;
				CLANG_WARN_STRICT_PROTOTYPES = YES;
				CLANG_WARN_SUSPICIOUS_MOVE = YES;
				CLANG_WARN_UNGUARDED_AVAILABILITY = YES_AGGRESSIVE;
				CLANG_WARN_UNREACHABLE_CODE = YES;
				CLANG_WARN__DUPLICATE_METHOD_MATCH = YES;
				CODE_SIGN_IDENTITY = "iPhone Developer";
				COPY_PHASE_STRIP = NO;
				DEBUG_INFORMATION_FORMAT = dwarf;
				ENABLE_STRICT_OBJC_MSGSEND = YES;
				ENABLE_TESTABILITY = YES;
				GCC_C_LANGUAGE_STANDARD = gnu11;
				GCC_DYNAMIC_NO_PIC = NO;
				GCC_NO_COMMON_BLOCKS = YES;
				GCC_OPTIMIZATION_LEVEL = 0;
				GCC_PREPROCESSOR_DEFINITIONS = (
					"DEBUG=1",
					"$(inherited)",
				);
				GCC_WARN_64_TO_32_BIT_CONVERSION = YES;
				GCC_WARN_ABOUT_RETURN_TYPE = YES_ERROR;
				GCC_WARN_UNDECLARED_SELECTOR = YES;
				GCC_WARN_UNINITIALIZED_AUTOS = YES_AGGRESSIVE;
				GCC_WARN_UNUSED_FUNCTION = YES;
				GCC_WARN_UNUSED_VARIABLE = YES;
				IPHONEOS_DEPLOYMENT_TARGET = 11.2;
				MTL_ENABLE_DEBUG_INFO = YES;
				ONLY_ACTIVE_ARCH = YES;
				SDKROOT = iphoneos;
				SWIFT_ACTIVE_COMPILATION_CONDITIONS = DEBUG;
				SWIFT_OPTIMIZATION_LEVEL = "-Onone";
			};
			name = Debug;
		};
		79A723EC209FECF90031D4DF /* Release */ = {
			isa = XCBuildConfiguration;
			buildSettings = {
				ALWAYS_SEARCH_USER_PATHS = NO;
				CLANG_ANALYZER_NONNULL = YES;
				CLANG_ANALYZER_NUMBER_OBJECT_CONVERSION = YES_AGGRESSIVE;
				CLANG_CXX_LANGUAGE_STANDARD = "gnu++14";
				CLANG_CXX_LIBRARY = "libc++";
				CLANG_ENABLE_MODULES = YES;
				CLANG_ENABLE_OBJC_ARC = YES;
				CLANG_WARN_BLOCK_CAPTURE_AUTORELEASING = YES;
				CLANG_WARN_BOOL_CONVERSION = YES;
				CLANG_WARN_COMMA = YES;
				CLANG_WARN_CONSTANT_CONVERSION = YES;
				CLANG_WARN_DIRECT_OBJC_ISA_USAGE = YES_ERROR;
				CLANG_WARN_DOCUMENTATION_COMMENTS = YES;
				CLANG_WARN_EMPTY_BODY = YES;
				CLANG_WARN_ENUM_CONVERSION = YES;
				CLANG_WARN_INFINITE_RECURSION = YES;
				CLANG_WARN_INT_CONVERSION = YES;
				CLANG_WARN_NON_LITERAL_NULL_CONVERSION = YES;
				CLANG_WARN_OBJC_LITERAL_CONVERSION = YES;
				CLANG_WARN_OBJC_ROOT_CLASS = YES_ERROR;
				CLANG_WARN_RANGE_LOOP_ANALYSIS = YES;
				CLANG_WARN_STRICT_PROTOTYPES = YES;
				CLANG_WARN_SUSPICIOUS_MOVE = YES;
				CLANG_WARN_UNGUARDED_AVAILABILITY = YES_AGGRESSIVE;
				CLANG_WARN_UNREACHABLE_CODE = YES;
				CLANG_WARN__DUPLICATE_METHOD_MATCH = YES;
				CODE_SIGN_IDENTITY = "iPhone Developer";
				COPY_PHASE_STRIP = NO;
				DEBUG_INFORMATION_FORMAT = "dwarf-with-dsym";
				ENABLE_NS_ASSERTIONS = NO;
				ENABLE_STRICT_OBJC_MSGSEND = YES;
				GCC_C_LANGUAGE_STANDARD = gnu11;
				GCC_NO_COMMON_BLOCKS = YES;
				GCC_WARN_64_TO_32_BIT_CONVERSION = YES;
				GCC_WARN_ABOUT_RETURN_TYPE = YES_ERROR;
				GCC_WARN_UNDECLARED_SELECTOR = YES;
				GCC_WARN_UNINITIALIZED_AUTOS = YES_AGGRESSIVE;
				GCC_WARN_UNUSED_FUNCTION = YES;
				GCC_WARN_UNUSED_VARIABLE = YES;
				IPHONEOS_DEPLOYMENT_TARGET = 11.2;
				MTL_ENABLE_DEBUG_INFO = NO;
				SDKROOT = iphoneos;
				SWIFT_OPTIMIZATION_LEVEL = "-Owholemodule";
				VALIDATE_PRODUCT = YES;
			};
			name = Release;
		};
		79A723EE209FECF90031D4DF /* Debug */ = {
			isa = XCBuildConfiguration;
			buildSettings = {
				ASSETCATALOG_COMPILER_APPICON_NAME = AppIcon;
				CODE_SIGN_STYLE = Automatic;
				DEVELOPMENT_TEAM = XY8UWSG2LX;
				INFOPLIST_FILE = DemoFetchResultControllerCoreData/Info.plist;
				LD_RUNPATH_SEARCH_PATHS = "$(inherited) @executable_path/Frameworks";
				PRODUCT_BUNDLE_IDENTIFIER = com.cong.DemoFetchResultControllerCoreData;
				PRODUCT_NAME = "$(TARGET_NAME)";
				SWIFT_VERSION = 4.0;
				TARGETED_DEVICE_FAMILY = "1,2";
			};
			name = Debug;
		};
		79A723EF209FECF90031D4DF /* Release */ = {
			isa = XCBuildConfiguration;
			buildSettings = {
				ASSETCATALOG_COMPILER_APPICON_NAME = AppIcon;
				CODE_SIGN_STYLE = Automatic;
				DEVELOPMENT_TEAM = XY8UWSG2LX;
				INFOPLIST_FILE = DemoFetchResultControllerCoreData/Info.plist;
				LD_RUNPATH_SEARCH_PATHS = "$(inherited) @executable_path/Frameworks";
				PRODUCT_BUNDLE_IDENTIFIER = com.cong.DemoFetchResultControllerCoreData;
				PRODUCT_NAME = "$(TARGET_NAME)";
				SWIFT_VERSION = 4.0;
				TARGETED_DEVICE_FAMILY = "1,2";
			};
			name = Release;
		};
/* End XCBuildConfiguration section */

/* Begin XCConfigurationList section */
		79A723D3209FECF90031D4DF /* Build configuration list for PBXProject "DemoFetchResultControllerCoreData" */ = {
			isa = XCConfigurationList;
			buildConfigurations = (
				79A723EB209FECF90031D4DF /* Debug */,
				79A723EC209FECF90031D4DF /* Release */,
			);
			defaultConfigurationIsVisible = 0;
			defaultConfigurationName = Release;
		};
		79A723ED209FECF90031D4DF /* Build configuration list for PBXNativeTarget "DemoFetchResultControllerCoreData" */ = {
			isa = XCConfigurationList;
			buildConfigurations = (
				79A723EE209FECF90031D4DF /* Debug */,
				79A723EF209FECF90031D4DF /* Release */,
			);
			defaultConfigurationIsVisible = 0;
			defaultConfigurationName = Release;
		};
/* End XCConfigurationList section */

/* Begin XCVersionGroup section */
		79A723E2209FECF90031D4DF /* DemoFetchResultControllerCoreData.xcdatamodeld */ = {
			isa = XCVersionGroup;
			children = (
				79A723E3209FECF90031D4DF /* DemoFetchResultControllerCoreData.xcdatamodel */,
			);
			currentVersion = 79A723E3209FECF90031D4DF /* DemoFetchResultControllerCoreData.xcdatamodel */;
			path = DemoFetchResultControllerCoreData.xcdatamodeld;
			sourceTree = "<group>";
			versionGroupType = wrapper.xcdatamodel;
		};
/* End XCVersionGroup section */
	};
	rootObject = 79A723D0209FECF90031D4DF /* Project object */;
}
